
Microsoft Visual Studio Solution File, Format Version 12.00
# Visual Studio Version 17
VisualStudioVersion = 17.2.32526.322
MinimumVisualStudioVersion = 10.0.40219.1
Project("{9A19103F-16F7-4668-BE54-9A1E7A4F7556}") = "JobSearcher", "JobSearcher\JobSearcher.csproj", "{489E57D4-9924-4461-83BB-C42EBB7686CD}"
EndProject
Project("{9A19103F-16F7-4668-BE54-9A1E7A4F7556}") = "Caller", "Caller\Caller.csproj", "{88609D83-78AD-41A7-AE58-111B6982374F}"
EndProject
Project("{9A19103F-16F7-4668-BE54-9A1E7A4F7556}") = "SiteWalker", "SiteWalker\SiteWalker.csproj", "{3110FE14-C7AF-4655-8B79-72E71FDD5C96}"
EndProject
Project("{FAE04EC0-301F-11D3-BF4B-00C04F79EFBC}") = "JobSearcher.App", "JobSearcher.App\JobSearcher.App.csproj", "{02DB8126-A18A-4B40-9CDA-5323030987A1}"
EndProject
Global
	GlobalSection(SolutionConfigurationPlatforms) = preSolution
		Debug|Any CPU = Debug|Any CPU
		Release|Any CPU = Release|Any CPU
	EndGlobalSection
	GlobalSection(ProjectConfigurationPlatforms) = postSolution
		{489E57D4-9924-4461-83BB-C42EBB7686CD}.Debug|Any CPU.ActiveCfg = Debug|Any CPU
		{489E57D4-9924-4461-83BB-C42EBB7686CD}.Debug|Any CPU.Build.0 = Debug|Any CPU
		{489E57D4-9924-4461-83BB-C42EBB7686CD}.Release|Any CPU.ActiveCfg = Release|Any CPU
		{489E57D4-9924-4461-83BB-C42EBB7686CD}.Release|Any CPU.Build.0 = Release|Any CPU
		{88609D83-78AD-41A7-AE58-111B6982374F}.Debug|Any CPU.ActiveCfg = Debug|Any CPU
		{88609D83-78AD-41A7-AE58-111B6982374F}.Debug|Any CPU.Build.0 = Debug|Any CPU
		{88609D83-78AD-41A7-AE58-111B6982374F}.Release|Any CPU.ActiveCfg = Release|Any CPU
		{88609D83-78AD-41A7-AE58-111B6982374F}.Release|Any CPU.Build.0 = Release|Any CPU
		{3110FE14-C7AF-4655-8B79-72E71FDD5C96}.Debug|Any CPU.ActiveCfg = Debug|Any CPU
		{3110FE14-C7AF-4655-8B79-72E71FDD5C96}.Debug|Any CPU.Build.0 = Debug|Any CPU
		{3110FE14-C7AF-4655-8B79-72E71FDD5C96}.Release|Any CPU.ActiveCfg = Release|Any CPU
		{3110FE14-C7AF-4655-8B79-72E71FDD5C96}.Release|Any CPU.Build.0 = Release|Any CPU
		{02DB8126-A18A-4B40-9CDA-5323030987A1}.Debug|Any CPU.ActiveCfg = Debug|Any CPU
		{02DB8126-A18A-4B40-9CDA-5323030987A1}.Debug|Any CPU.Build.0 = Debug|Any CPU
		{02DB8126-A18A-4B40-9CDA-5323030987A1}.Release|Any CPU.ActiveCfg = Release|Any CPU
		{02DB8126-A18A-4B40-9CDA-5323030987A1}.Release|Any CPU.Build.0 = Release|Any CPU
	EndGlobalSection
	GlobalSection(SolutionProperties) = preSolution
		HideSolutionNode = FALSE
	EndGlobalSection
	GlobalSection(ExtensibilityGlobals) = postSolution
		SolutionGuid = {2F9182BA-44D3-48FB-8E97-EE265DDBB89C}
	EndGlobalSection
EndGlobal
